{
  "name": "elliecherrill.github.io",
  "version": "1.0.0",
  "lockfileVersion": 1,
  "requires": true,
  "dependencies": {
    "bulma-timeline": {
      "version": "3.0.4",
      "resolved": "http://acp-repoadm.app.aexp.com/artifactory/api/npm/npm-virtual/bulma-timeline/-/bulma-timeline-3.0.4.tgz",
      "integrity": "sha1-SU9FgJigbc+NzH/o8vFYtj0dHvI="
    }
  }
}
